<?xml version="1.0" encoding="utf-8"?>
<Project ToolsVersion="4.0" xmlns="http://schemas.microsoft.com/developer/msbuild/2003">
  <ItemGroup>
    <ClCompile Include="main.cpp" />
    <ClCompile Include="CFileStreamNT.cpp" />
    <ClCompile Include="CElfFile.cpp" />
    <ClCompile Include="CMDebugSection.cpp" />
    <ClCompile Include="CObjectFile.cpp" />
    <ClCompile Include="CProcedure.cpp" />
    <ClCompile Include="CSymbol.cpp" />
    <ClCompile Include="demangler\cplus-dem.c">
      <Filter>demangler</Filter>
    </ClCompile>
    <ClCompile Include="CCompiler.cpp" />
    <ClCompile Include="CDebugElfFile.cpp" />
    <ClCompile Include="Console.cpp" />
  </ItemGroup>
  <ItemGroup>
    <ClInclude Include="CFileStream.h" />
    <ClInclude Include="CElfFile.h" />
    <ClInclude Include="CMDebugSection.h" />
    <ClInclude Include="sections.h" />
    <ClInclude Include="CObjectFile.h" />
    <ClInclude Include="CProcedure.h" />
    <ClInclude Include="CSymbol.h" />
    <ClInclude Include="demangler\demangle.h">
      <Filter>demangler</Filter>
    </ClInclude>
    <ClInclude Include="demangler\ansidecl.h">
      <Filter>demangler</Filter>
    </ClInclude>
    <ClInclude Include="CCompiler.h" />
    <ClInclude Include="CDebugElfFile.h" />
    <ClInclude Include="Console.h" />
  </ItemGroup>
  <ItemGroup>
    <Filter Include="demangler">
      <UniqueIdentifier>{e7d538f2-5b1d-41c8-829b-a7d10310a5ee}</UniqueIdentifier>
    </Filter>
  </ItemGroup>
</Project>